
Microsoft Visual Studio Solution File, Format Version 12.00
# Visual Studio Version 17
VisualStudioVersion = 17.14.36202.13 d17.14
MinimumVisualStudioVersion = 10.0.40219.1
Project("{FAE04EC0-301F-11D3-BF4B-00C04F79EFBC}") = "Enum", "Enum\Enum.csproj", "{03103C31-38C4-4E40-9408-968BCC1EAC13}"
EndProject
Global
	GlobalSection(SolutionConfigurationPlatforms) = preSolution
		Debug|Any CPU = Debug|Any CPU
		Release|Any CPU = Release|Any CPU
	EndGlobalSection
	GlobalSection(ProjectConfigurationPlatforms) = postSolution
		{03103C31-38C4-4E40-9408-968BCC1EAC13}.Debug|Any CPU.ActiveCfg = Debug|Any CPU
		{03103C31-38C4-4E40-9408-968BCC1EAC13}.Debug|Any CPU.Build.0 = Debug|Any CPU
		{03103C31-38C4-4E40-9408-968BCC1EAC13}.Release|Any CPU.ActiveCfg = Release|Any CPU
		{03103C31-38C4-4E40-9408-968BCC1EAC13}.Release|Any CPU.Build.0 = Release|Any CPU
	EndGlobalSection
	GlobalSection(SolutionProperties) = preSolution
		HideSolutionNode = FALSE
	EndGlobalSection
	GlobalSection(ExtensibilityGlobals) = postSolution
		SolutionGuid = {D9208D1C-C50B-4540-9B0D-3D5304D46ABA}
	EndGlobalSection
EndGlobal
