
Microsoft Visual Studio Solution File, Format Version 12.00
# Visual Studio Version 17
VisualStudioVersion = 17.14.36202.13 d17.14
MinimumVisualStudioVersion = 10.0.40219.1
Project("{FAE04EC0-301F-11D3-BF4B-00C04F79EFBC}") = "Dvumeren i nazuben masiv", "Dvumeren i nazuben masiv\Dvumeren i nazuben masiv.csproj", "{C0CCDC49-DABB-46F6-B42C-73AD141B6921}"
EndProject
Project("{FAE04EC0-301F-11D3-BF4B-00C04F79EFBC}") = "zad 4", "zad 4\zad 4.csproj", "{5F122FED-28B0-45A1-9E9B-7FE32043B33B}"
EndProject
Project("{FAE04EC0-301F-11D3-BF4B-00C04F79EFBC}") = "зад 5", "зад 5\зад 5.csproj", "{1829E63D-21FD-47AB-865C-7EBE79CE8A2C}"
EndProject
Global
	GlobalSection(SolutionConfigurationPlatforms) = preSolution
		Debug|Any CPU = Debug|Any CPU
		Release|Any CPU = Release|Any CPU
	EndGlobalSection
	GlobalSection(ProjectConfigurationPlatforms) = postSolution
		{C0CCDC49-DABB-46F6-B42C-73AD141B6921}.Debug|Any CPU.ActiveCfg = Debug|Any CPU
		{C0CCDC49-DABB-46F6-B42C-73AD141B6921}.Debug|Any CPU.Build.0 = Debug|Any CPU
		{C0CCDC49-DABB-46F6-B42C-73AD141B6921}.Release|Any CPU.ActiveCfg = Release|Any CPU
		{C0CCDC49-DABB-46F6-B42C-73AD141B6921}.Release|Any CPU.Build.0 = Release|Any CPU
		{5F122FED-28B0-45A1-9E9B-7FE32043B33B}.Debug|Any CPU.ActiveCfg = Debug|Any CPU
		{5F122FED-28B0-45A1-9E9B-7FE32043B33B}.Debug|Any CPU.Build.0 = Debug|Any CPU
		{5F122FED-28B0-45A1-9E9B-7FE32043B33B}.Release|Any CPU.ActiveCfg = Release|Any CPU
		{5F122FED-28B0-45A1-9E9B-7FE32043B33B}.Release|Any CPU.Build.0 = Release|Any CPU
		{1829E63D-21FD-47AB-865C-7EBE79CE8A2C}.Debug|Any CPU.ActiveCfg = Debug|Any CPU
		{1829E63D-21FD-47AB-865C-7EBE79CE8A2C}.Debug|Any CPU.Build.0 = Debug|Any CPU
		{1829E63D-21FD-47AB-865C-7EBE79CE8A2C}.Release|Any CPU.ActiveCfg = Release|Any CPU
		{1829E63D-21FD-47AB-865C-7EBE79CE8A2C}.Release|Any CPU.Build.0 = Release|Any CPU
	EndGlobalSection
	GlobalSection(SolutionProperties) = preSolution
		HideSolutionNode = FALSE
	EndGlobalSection
	GlobalSection(ExtensibilityGlobals) = postSolution
		SolutionGuid = {6FC34F66-B5B4-436B-AF76-A909C5590511}
	EndGlobalSection
EndGlobal
